
Microsoft Visual Studio Solution File, Format Version 12.00
# Visual Studio Version 17
VisualStudioVersion = 17.2.32616.157
MinimumVisualStudioVersion = 10.0.40219.1
Project("{FAE04EC0-301F-11D3-BF4B-00C04F79EFBC}") = "Advanced-ToDoList.WebApi", "Advanced-To-DoList\Advanced-ToDoList.WebApi.csproj", "{941A1676-33CD-4121-B8D7-143249DC71DD}"
EndProject
Project("{FAE04EC0-301F-11D3-BF4B-00C04F79EFBC}") = "Advanced-ToDoList.Business", "Advanced-To-DoList.Business\Advanced-ToDoList.Business.csproj", "{F1CE4254-C1E5-4D0C-BD15-715CFCFBFEC8}"
EndProject
Project("{FAE04EC0-301F-11D3-BF4B-00C04F79EFBC}") = "Advanced-ToDoList.Core", "Advanced-To-DoList.Core\Advanced-ToDoList.Core.csproj", "{337164DA-4DD3-4914-8992-15A2A95E3327}"
EndProject
Project("{FAE04EC0-301F-11D3-BF4B-00C04F79EFBC}") = "Advanced-ToDoList.Entities", "Advanced-ToDoList.Entities\Advanced-ToDoList.Entities.csproj", "{1798AF22-794B-4C13-AF75-704A0FD12369}"
EndProject
Project("{FAE04EC0-301F-11D3-BF4B-00C04F79EFBC}") = "Advanced-ToDoList.DataAccess", "Advanced-ToDoList.DataAccess\Advanced-ToDoList.DataAccess.csproj", "{E876E4FD-B4EF-4FD7-AAC3-6106E2F30642}"
EndProject
Global
	GlobalSection(SolutionConfigurationPlatforms) = preSolution
		Debug|Any CPU = Debug|Any CPU
		Release|Any CPU = Release|Any CPU
	EndGlobalSection
	GlobalSection(ProjectConfigurationPlatforms) = postSolution
		{941A1676-33CD-4121-B8D7-143249DC71DD}.Debug|Any CPU.ActiveCfg = Debug|Any CPU
		{941A1676-33CD-4121-B8D7-143249DC71DD}.Debug|Any CPU.Build.0 = Debug|Any CPU
		{941A1676-33CD-4121-B8D7-143249DC71DD}.Release|Any CPU.ActiveCfg = Release|Any CPU
		{941A1676-33CD-4121-B8D7-143249DC71DD}.Release|Any CPU.Build.0 = Release|Any CPU
		{F1CE4254-C1E5-4D0C-BD15-715CFCFBFEC8}.Debug|Any CPU.ActiveCfg = Debug|Any CPU
		{F1CE4254-C1E5-4D0C-BD15-715CFCFBFEC8}.Debug|Any CPU.Build.0 = Debug|Any CPU
		{F1CE4254-C1E5-4D0C-BD15-715CFCFBFEC8}.Release|Any CPU.ActiveCfg = Release|Any CPU
		{F1CE4254-C1E5-4D0C-BD15-715CFCFBFEC8}.Release|Any CPU.Build.0 = Release|Any CPU
		{337164DA-4DD3-4914-8992-15A2A95E3327}.Debug|Any CPU.ActiveCfg = Debug|Any CPU
		{337164DA-4DD3-4914-8992-15A2A95E3327}.Debug|Any CPU.Build.0 = Debug|Any CPU
		{337164DA-4DD3-4914-8992-15A2A95E3327}.Release|Any CPU.ActiveCfg = Release|Any CPU
		{337164DA-4DD3-4914-8992-15A2A95E3327}.Release|Any CPU.Build.0 = Release|Any CPU
		{1798AF22-794B-4C13-AF75-704A0FD12369}.Debug|Any CPU.ActiveCfg = Debug|Any CPU
		{1798AF22-794B-4C13-AF75-704A0FD12369}.Debug|Any CPU.Build.0 = Debug|Any CPU
		{1798AF22-794B-4C13-AF75-704A0FD12369}.Release|Any CPU.ActiveCfg = Release|Any CPU
		{1798AF22-794B-4C13-AF75-704A0FD12369}.Release|Any CPU.Build.0 = Release|Any CPU
		{E876E4FD-B4EF-4FD7-AAC3-6106E2F30642}.Debug|Any CPU.ActiveCfg = Debug|Any CPU
		{E876E4FD-B4EF-4FD7-AAC3-6106E2F30642}.Debug|Any CPU.Build.0 = Debug|Any CPU
		{E876E4FD-B4EF-4FD7-AAC3-6106E2F30642}.Release|Any CPU.ActiveCfg = Release|Any CPU
		{E876E4FD-B4EF-4FD7-AAC3-6106E2F30642}.Release|Any CPU.Build.0 = Release|Any CPU
	EndGlobalSection
	GlobalSection(SolutionProperties) = preSolution
		HideSolutionNode = FALSE
	EndGlobalSection
	GlobalSection(ExtensibilityGlobals) = postSolution
		SolutionGuid = {5848FE74-DA3E-4174-8DF0-1DEDB3438940}
	EndGlobalSection
EndGlobal
